
Microsoft Visual Studio Solution File, Format Version 12.00
# Visual Studio 15
VisualStudioVersion = 15.0.28307.271
MinimumVisualStudioVersion = 10.0.40219.1
Project("{FAE04EC0-301F-11D3-BF4B-00C04F79EFBC}") = "NumberGame", "Homework_week_3\NumberGame.csproj", "{CFE326DB-F6EC-4066-9FE0-B6439C099BFC}"
EndProject
Project("{FAE04EC0-301F-11D3-BF4B-00C04F79EFBC}") = "RPS", "RPS\RPS.csproj", "{611B4CEF-3244-4752-A73C-289FDADD80F6}"
EndProject
Global
	GlobalSection(SolutionConfigurationPlatforms) = preSolution
		Debug|Any CPU = Debug|Any CPU
		Release|Any CPU = Release|Any CPU
	EndGlobalSection
	GlobalSection(ProjectConfigurationPlatforms) = postSolution
		{CFE326DB-F6EC-4066-9FE0-B6439C099BFC}.Debug|Any CPU.ActiveCfg = Debug|Any CPU
		{CFE326DB-F6EC-4066-9FE0-B6439C099BFC}.Debug|Any CPU.Build.0 = Debug|Any CPU
		{CFE326DB-F6EC-4066-9FE0-B6439C099BFC}.Release|Any CPU.ActiveCfg = Release|Any CPU
		{CFE326DB-F6EC-4066-9FE0-B6439C099BFC}.Release|Any CPU.Build.0 = Release|Any CPU
		{611B4CEF-3244-4752-A73C-289FDADD80F6}.Debug|Any CPU.ActiveCfg = Debug|Any CPU
		{611B4CEF-3244-4752-A73C-289FDADD80F6}.Debug|Any CPU.Build.0 = Debug|Any CPU
		{611B4CEF-3244-4752-A73C-289FDADD80F6}.Release|Any CPU.ActiveCfg = Release|Any CPU
		{611B4CEF-3244-4752-A73C-289FDADD80F6}.Release|Any CPU.Build.0 = Release|Any CPU
	EndGlobalSection
	GlobalSection(SolutionProperties) = preSolution
		HideSolutionNode = FALSE
	EndGlobalSection
	GlobalSection(ExtensibilityGlobals) = postSolution
		SolutionGuid = {86494239-7DF3-45ED-8425-B89A4061A415}
	EndGlobalSection
EndGlobal
